
Microsoft Visual Studio Solution File, Format Version 12.00
Project("{FAE04EC0-301F-11D3-BF4B-00C04F79EFBC}") = "Wuk", "Wuk\Wuk.csproj", "{5AE1F7DC-0A53-405F-A570-F88DF6EED7A3}"
EndProject
Global
	GlobalSection(SolutionConfigurationPlatforms) = preSolution
		Debug|Any CPU = Debug|Any CPU
		Release|Any CPU = Release|Any CPU
	EndGlobalSection
	GlobalSection(ProjectConfigurationPlatforms) = postSolution
		{5AE1F7DC-0A53-405F-A570-F88DF6EED7A3}.Debug|Any CPU.ActiveCfg = Debug|Any CPU
		{5AE1F7DC-0A53-405F-A570-F88DF6EED7A3}.Debug|Any CPU.Build.0 = Debug|Any CPU
		{5AE1F7DC-0A53-405F-A570-F88DF6EED7A3}.Release|Any CPU.ActiveCfg = Release|Any CPU
		{5AE1F7DC-0A53-405F-A570-F88DF6EED7A3}.Release|Any CPU.Build.0 = Release|Any CPU
	EndGlobalSection
EndGlobal
